
Microsoft Visual Studio Solution File, Format Version 12.00
# Visual Studio Version 16
VisualStudioVersion = 16.0.31702.278
MinimumVisualStudioVersion = 10.0.40219.1
Project("{FAE04EC0-301F-11D3-BF4B-00C04F79EFBC}") = "Task1", "HT_1_23sep\Task1.csproj", "{7C8B05B7-BD5C-4F78-A834-4A0C52D1C3EA}"
EndProject
Project("{FAE04EC0-301F-11D3-BF4B-00C04F79EFBC}") = "Task2", "Task2\Task2.csproj", "{FEF0184B-749A-4486-97FD-26AEF6532979}"
EndProject
Project("{FAE04EC0-301F-11D3-BF4B-00C04F79EFBC}") = "Task3", "Task3\Task3.csproj", "{02A130C2-43E4-4265-BF6F-ED4D117D1B2E}"
EndProject
Global
	GlobalSection(SolutionConfigurationPlatforms) = preSolution
		Debug|Any CPU = Debug|Any CPU
		Release|Any CPU = Release|Any CPU
	EndGlobalSection
	GlobalSection(ProjectConfigurationPlatforms) = postSolution
		{7C8B05B7-BD5C-4F78-A834-4A0C52D1C3EA}.Debug|Any CPU.ActiveCfg = Debug|Any CPU
		{7C8B05B7-BD5C-4F78-A834-4A0C52D1C3EA}.Debug|Any CPU.Build.0 = Debug|Any CPU
		{7C8B05B7-BD5C-4F78-A834-4A0C52D1C3EA}.Release|Any CPU.ActiveCfg = Release|Any CPU
		{7C8B05B7-BD5C-4F78-A834-4A0C52D1C3EA}.Release|Any CPU.Build.0 = Release|Any CPU
		{FEF0184B-749A-4486-97FD-26AEF6532979}.Debug|Any CPU.ActiveCfg = Debug|Any CPU
		{FEF0184B-749A-4486-97FD-26AEF6532979}.Debug|Any CPU.Build.0 = Debug|Any CPU
		{FEF0184B-749A-4486-97FD-26AEF6532979}.Release|Any CPU.ActiveCfg = Release|Any CPU
		{FEF0184B-749A-4486-97FD-26AEF6532979}.Release|Any CPU.Build.0 = Release|Any CPU
		{02A130C2-43E4-4265-BF6F-ED4D117D1B2E}.Debug|Any CPU.ActiveCfg = Debug|Any CPU
		{02A130C2-43E4-4265-BF6F-ED4D117D1B2E}.Debug|Any CPU.Build.0 = Debug|Any CPU
		{02A130C2-43E4-4265-BF6F-ED4D117D1B2E}.Release|Any CPU.ActiveCfg = Release|Any CPU
		{02A130C2-43E4-4265-BF6F-ED4D117D1B2E}.Release|Any CPU.Build.0 = Release|Any CPU
	EndGlobalSection
	GlobalSection(SolutionProperties) = preSolution
		HideSolutionNode = FALSE
	EndGlobalSection
	GlobalSection(ExtensibilityGlobals) = postSolution
		SolutionGuid = {6694B725-71EC-45F4-94F7-D607B4913B60}
	EndGlobalSection
EndGlobal
